Microsoft Visual Studio Solution File, Format Version 12.00
# Visual Studio Version 17
VisualStudioVersion = 17.5.2.0
MinimumVisualStudioVersion = 10.0.40219.1
Project("{2150E333-8FDC-42A3-9474-1A3956D46DE8}") = "backend", "backend", "{1AE8ACA6-933B-BF2A-3671-3E2EAC007D16}"
EndProject
Project("{FAE04EC0-301F-11D3-BF4B-00C04F79EFBC}") = "Helpdesk.Api", "backend\Helpdesk.Api\Helpdesk.Api.csproj", "{CAFD4D2F-4BDF-85DB-23BB-0F2099880963}"
EndProject
Global
	GlobalSection(SolutionConfigurationPlatforms) = preSolution
		Debug|Any CPU = Debug|Any CPU
		Release|Any CPU = Release|Any CPU
	EndGlobalSection
	GlobalSection(ProjectConfigurationPlatforms) = postSolution
		{CAFD4D2F-4BDF-85DB-23BB-0F2099880963}.Debug|Any CPU.ActiveCfg = Debug|Any CPU
		{CAFD4D2F-4BDF-85DB-23BB-0F2099880963}.Debug|Any CPU.Build.0 = Debug|Any CPU
		{CAFD4D2F-4BDF-85DB-23BB-0F2099880963}.Release|Any CPU.ActiveCfg = Release|Any CPU
		{CAFD4D2F-4BDF-85DB-23BB-0F2099880963}.Release|Any CPU.Build.0 = Release|Any CPU
	EndGlobalSection
	GlobalSection(SolutionProperties) = preSolution
		HideSolutionNode = FALSE
	EndGlobalSection
	GlobalSection(NestedProjects) = preSolution
		{CAFD4D2F-4BDF-85DB-23BB-0F2099880963} = {1AE8ACA6-933B-BF2A-3671-3E2EAC007D16}
	EndGlobalSection
	GlobalSection(ExtensibilityGlobals) = postSolution
		SolutionGuid = {6A0BB1DE-C145-4515-8ABF-56D9D0064744}
	EndGlobalSection
EndGlobal
